
Microsoft Visual Studio Solution File, Format Version 12.00
Project("{FAE04EC0-301F-11D3-BF4B-00C04F79EFBC}") = "Scraper", "Scraper\Scraper.csproj", "{63420F81-3276-433C-B2CF-5D9D533AC89B}"
EndProject
Project("{FAE04EC0-301F-11D3-BF4B-00C04F79EFBC}") = "TelegramBot", "TelegramBot\TelegramBot.csproj", "{E54CC758-3C86-4398-89C5-1C5E3CB90CDE}"
EndProject
Project("{FAE04EC0-301F-11D3-BF4B-00C04F79EFBC}") = "MessageScheduler", "MessageScheduler\MessageScheduler.csproj", "{FA9B8D45-967E-42B1-8682-B6BB9BC735C4}"
EndProject
Global
	GlobalSection(SolutionConfigurationPlatforms) = preSolution
		Debug|Any CPU = Debug|Any CPU
		Release|Any CPU = Release|Any CPU
	EndGlobalSection
	GlobalSection(ProjectConfigurationPlatforms) = postSolution
		{63420F81-3276-433C-B2CF-5D9D533AC89B}.Debug|Any CPU.ActiveCfg = Debug|Any CPU
		{63420F81-3276-433C-B2CF-5D9D533AC89B}.Debug|Any CPU.Build.0 = Debug|Any CPU
		{63420F81-3276-433C-B2CF-5D9D533AC89B}.Release|Any CPU.ActiveCfg = Release|Any CPU
		{63420F81-3276-433C-B2CF-5D9D533AC89B}.Release|Any CPU.Build.0 = Release|Any CPU
		{E54CC758-3C86-4398-89C5-1C5E3CB90CDE}.Debug|Any CPU.ActiveCfg = Debug|Any CPU
		{E54CC758-3C86-4398-89C5-1C5E3CB90CDE}.Debug|Any CPU.Build.0 = Debug|Any CPU
		{E54CC758-3C86-4398-89C5-1C5E3CB90CDE}.Release|Any CPU.ActiveCfg = Release|Any CPU
		{E54CC758-3C86-4398-89C5-1C5E3CB90CDE}.Release|Any CPU.Build.0 = Release|Any CPU
		{FA9B8D45-967E-42B1-8682-B6BB9BC735C4}.Debug|Any CPU.ActiveCfg = Debug|Any CPU
		{FA9B8D45-967E-42B1-8682-B6BB9BC735C4}.Debug|Any CPU.Build.0 = Debug|Any CPU
		{FA9B8D45-967E-42B1-8682-B6BB9BC735C4}.Release|Any CPU.ActiveCfg = Release|Any CPU
		{FA9B8D45-967E-42B1-8682-B6BB9BC735C4}.Release|Any CPU.Build.0 = Release|Any CPU
	EndGlobalSection
EndGlobal
